
Microsoft Visual Studio Solution File, Format Version 12.00
# Visual Studio Version 17
VisualStudioVersion = 17.12.35707.178
MinimumVisualStudioVersion = 10.0.40219.1
Project("{8BC9CEB8-8B4A-11D0-8D11-00A0C91BC942}") = "Build Process", "Build Process\Build Process.vcxproj", "{59650803-CB63-4330-B229-B7A3CA8F07D9}"
EndProject
Project("{8BC9CEB8-8B4A-11D0-8D11-00A0C91BC942}") = "Hola Amigos", "Hola Amigos\Hola Amigos.vcxproj", "{F60D84D3-51C6-477D-AA13-E3A61CA67A45}"
EndProject
Project("{8BC9CEB8-8B4A-11D0-8D11-00A0C91BC942}") = "IO", "IO\IO.vcxproj", "{60779281-64E4-46EF-9A9F-B33E21836729}"
EndProject
Project("{8BC9CEB8-8B4A-11D0-8D11-00A0C91BC942}") = "Greeting", "Greeting\Greeting.vcxproj", "{586D802F-194E-4C0D-9E3E-A5C98C5D8CCD}"
EndProject
Project("{8BC9CEB8-8B4A-11D0-8D11-00A0C91BC942}") = "File IO", "File IO\File IO.vcxproj", "{ED71DFBB-7BC8-4B9B-99D5-753A3BE2EBDD}"
EndProject
Project("{8BC9CEB8-8B4A-11D0-8D11-00A0C91BC942}") = "Integrals", "Integrals\Integrals.vcxproj", "{40EAB17F-9F55-443A-8CF9-3265ABF73C8A}"
EndProject
Project("{8BC9CEB8-8B4A-11D0-8D11-00A0C91BC942}") = "Enums", "Enums\Enums.vcxproj", "{46EC08DC-C581-4DE8-BF71-55F8F4E05A5A}"
EndProject
Project("{8BC9CEB8-8B4A-11D0-8D11-00A0C91BC942}") = "Floats", "Floats\Floats.vcxproj", "{D3BD4056-3BF4-4592-B8A5-5AE7F3213EF2}"
EndProject
Project("{8BC9CEB8-8B4A-11D0-8D11-00A0C91BC942}") = "Booleans", "Booleans\Booleans.vcxproj", "{5969578A-FDBD-4F9E-84BD-4BE499E09877}"
EndProject
Project("{8BC9CEB8-8B4A-11D0-8D11-00A0C91BC942}") = "Characters", "Characters\Characters.vcxproj", "{57D617BD-D816-4C97-ACC2-0304D454F2FB}"
EndProject
Project("{8BC9CEB8-8B4A-11D0-8D11-00A0C91BC942}") = "Auto", "Auto\Auto.vcxproj", "{8D912167-476C-47A6-AD8B-0D5234246699}"
EndProject
Project("{8BC9CEB8-8B4A-11D0-8D11-00A0C91BC942}") = "Type Conversion", "Type Conversion\Type Conversion.vcxproj", "{9F456D81-2406-496D-B6A6-91C28EBCF19F}"
EndProject
Project("{8BC9CEB8-8B4A-11D0-8D11-00A0C91BC942}") = "A4 Type Conversion", "A4 Type Conversion\A4 Type Conversion.vcxproj", "{1B79939B-1444-4D40-AF8E-EB083ADF6A9C}"
EndProject
Project("{8BC9CEB8-8B4A-11D0-8D11-00A0C91BC942}") = "A5 Simple Calculator", "A5 Simple Calculator\A5 Simple Calculator.vcxproj", "{00F3345F-7D72-4357-B91B-A348E0E3F7BD}"
EndProject
Project("{8BC9CEB8-8B4A-11D0-8D11-00A0C91BC942}") = "Pointers", "Pointers\Pointers.vcxproj", "{CCEBAB3E-CB3C-42CE-83A4-4259C28B4182}"
EndProject
Global
	GlobalSection(SolutionConfigurationPlatforms) = preSolution
		Debug|x64 = Debug|x64
		Debug|x86 = Debug|x86
		Release|x64 = Release|x64
		Release|x86 = Release|x86
	EndGlobalSection
	GlobalSection(ProjectConfigurationPlatforms) = postSolution
		{59650803-CB63-4330-B229-B7A3CA8F07D9}.Debug|x64.ActiveCfg = Debug|x64
		{59650803-CB63-4330-B229-B7A3CA8F07D9}.Debug|x64.Build.0 = Debug|x64
		{59650803-CB63-4330-B229-B7A3CA8F07D9}.Debug|x86.ActiveCfg = Debug|Win32
		{59650803-CB63-4330-B229-B7A3CA8F07D9}.Debug|x86.Build.0 = Debug|Win32
		{59650803-CB63-4330-B229-B7A3CA8F07D9}.Release|x64.ActiveCfg = Release|x64
		{59650803-CB63-4330-B229-B7A3CA8F07D9}.Release|x64.Build.0 = Release|x64
		{59650803-CB63-4330-B229-B7A3CA8F07D9}.Release|x86.ActiveCfg = Release|Win32
		{59650803-CB63-4330-B229-B7A3CA8F07D9}.Release|x86.Build.0 = Release|Win32
		{F60D84D3-51C6-477D-AA13-E3A61CA67A45}.Debug|x64.ActiveCfg = Debug|x64
		{F60D84D3-51C6-477D-AA13-E3A61CA67A45}.Debug|x64.Build.0 = Debug|x64
		{F60D84D3-51C6-477D-AA13-E3A61CA67A45}.Debug|x86.ActiveCfg = Debug|Win32
		{F60D84D3-51C6-477D-AA13-E3A61CA67A45}.Debug|x86.Build.0 = Debug|Win32
		{F60D84D3-51C6-477D-AA13-E3A61CA67A45}.Release|x64.ActiveCfg = Release|x64
		{F60D84D3-51C6-477D-AA13-E3A61CA67A45}.Release|x64.Build.0 = Release|x64
		{F60D84D3-51C6-477D-AA13-E3A61CA67A45}.Release|x86.ActiveCfg = Release|Win32
		{F60D84D3-51C6-477D-AA13-E3A61CA67A45}.Release|x86.Build.0 = Release|Win32
		{60779281-64E4-46EF-9A9F-B33E21836729}.Debug|x64.ActiveCfg = Debug|x64
		{60779281-64E4-46EF-9A9F-B33E21836729}.Debug|x64.Build.0 = Debug|x64
		{60779281-64E4-46EF-9A9F-B33E21836729}.Debug|x86.ActiveCfg = Debug|Win32
		{60779281-64E4-46EF-9A9F-B33E21836729}.Debug|x86.Build.0 = Debug|Win32
		{60779281-64E4-46EF-9A9F-B33E21836729}.Release|x64.ActiveCfg = Release|x64
		{60779281-64E4-46EF-9A9F-B33E21836729}.Release|x64.Build.0 = Release|x64
		{60779281-64E4-46EF-9A9F-B33E21836729}.Release|x86.ActiveCfg = Release|Win32
		{60779281-64E4-46EF-9A9F-B33E21836729}.Release|x86.Build.0 = Release|Win32
		{586D802F-194E-4C0D-9E3E-A5C98C5D8CCD}.Debug|x64.ActiveCfg = Debug|x64
		{586D802F-194E-4C0D-9E3E-A5C98C5D8CCD}.Debug|x64.Build.0 = Debug|x64
		{586D802F-194E-4C0D-9E3E-A5C98C5D8CCD}.Debug|x86.ActiveCfg = Debug|Win32
		{586D802F-194E-4C0D-9E3E-A5C98C5D8CCD}.Debug|x86.Build.0 = Debug|Win32
		{586D802F-194E-4C0D-9E3E-A5C98C5D8CCD}.Release|x64.ActiveCfg = Release|x64
		{586D802F-194E-4C0D-9E3E-A5C98C5D8CCD}.Release|x64.Build.0 = Release|x64
		{586D802F-194E-4C0D-9E3E-A5C98C5D8CCD}.Release|x86.ActiveCfg = Release|Win32
		{586D802F-194E-4C0D-9E3E-A5C98C5D8CCD}.Release|x86.Build.0 = Release|Win32
		{ED71DFBB-7BC8-4B9B-99D5-753A3BE2EBDD}.Debug|x64.ActiveCfg = Debug|x64
		{ED71DFBB-7BC8-4B9B-99D5-753A3BE2EBDD}.Debug|x64.Build.0 = Debug|x64
		{ED71DFBB-7BC8-4B9B-99D5-753A3BE2EBDD}.Debug|x86.ActiveCfg = Debug|Win32
		{ED71DFBB-7BC8-4B9B-99D5-753A3BE2EBDD}.Debug|x86.Build.0 = Debug|Win32
		{ED71DFBB-7BC8-4B9B-99D5-753A3BE2EBDD}.Release|x64.ActiveCfg = Release|x64
		{ED71DFBB-7BC8-4B9B-99D5-753A3BE2EBDD}.Release|x64.Build.0 = Release|x64
		{ED71DFBB-7BC8-4B9B-99D5-753A3BE2EBDD}.Release|x86.ActiveCfg = Release|Win32
		{ED71DFBB-7BC8-4B9B-99D5-753A3BE2EBDD}.Release|x86.Build.0 = Release|Win32
		{40EAB17F-9F55-443A-8CF9-3265ABF73C8A}.Debug|x64.ActiveCfg = Debug|x64
		{40EAB17F-9F55-443A-8CF9-3265ABF73C8A}.Debug|x64.Build.0 = Debug|x64
		{40EAB17F-9F55-443A-8CF9-3265ABF73C8A}.Debug|x86.ActiveCfg = Debug|Win32
		{40EAB17F-9F55-443A-8CF9-3265ABF73C8A}.Debug|x86.Build.0 = Debug|Win32
		{40EAB17F-9F55-443A-8CF9-3265ABF73C8A}.Release|x64.ActiveCfg = Release|x64
		{40EAB17F-9F55-443A-8CF9-3265ABF73C8A}.Release|x64.Build.0 = Release|x64
		{40EAB17F-9F55-443A-8CF9-3265ABF73C8A}.Release|x86.ActiveCfg = Release|Win32
		{40EAB17F-9F55-443A-8CF9-3265ABF73C8A}.Release|x86.Build.0 = Release|Win32
		{46EC08DC-C581-4DE8-BF71-55F8F4E05A5A}.Debug|x64.ActiveCfg = Debug|x64
		{46EC08DC-C581-4DE8-BF71-55F8F4E05A5A}.Debug|x64.Build.0 = Debug|x64
		{46EC08DC-C581-4DE8-BF71-55F8F4E05A5A}.Debug|x86.ActiveCfg = Debug|Win32
		{46EC08DC-C581-4DE8-BF71-55F8F4E05A5A}.Debug|x86.Build.0 = Debug|Win32
		{46EC08DC-C581-4DE8-BF71-55F8F4E05A5A}.Release|x64.ActiveCfg = Release|x64
		{46EC08DC-C581-4DE8-BF71-55F8F4E05A5A}.Release|x64.Build.0 = Release|x64
		{46EC08DC-C581-4DE8-BF71-55F8F4E05A5A}.Release|x86.ActiveCfg = Release|Win32
		{46EC08DC-C581-4DE8-BF71-55F8F4E05A5A}.Release|x86.Build.0 = Release|Win32
		{D3BD4056-3BF4-4592-B8A5-5AE7F3213EF2}.Debug|x64.ActiveCfg = Debug|x64
		{D3BD4056-3BF4-4592-B8A5-5AE7F3213EF2}.Debug|x64.Build.0 = Debug|x64
		{D3BD4056-3BF4-4592-B8A5-5AE7F3213EF2}.Debug|x86.ActiveCfg = Debug|Win32
		{D3BD4056-3BF4-4592-B8A5-5AE7F3213EF2}.Debug|x86.Build.0 = Debug|Win32
		{D3BD4056-3BF4-4592-B8A5-5AE7F3213EF2}.Release|x64.ActiveCfg = Release|x64
		{D3BD4056-3BF4-4592-B8A5-5AE7F3213EF2}.Release|x64.Build.0 = Release|x64
		{D3BD4056-3BF4-4592-B8A5-5AE7F3213EF2}.Release|x86.ActiveCfg = Release|Win32
		{D3BD4056-3BF4-4592-B8A5-5AE7F3213EF2}.Release|x86.Build.0 = Release|Win32
		{5969578A-FDBD-4F9E-84BD-4BE499E09877}.Debug|x64.ActiveCfg = Debug|x64
		{5969578A-FDBD-4F9E-84BD-4BE499E09877}.Debug|x64.Build.0 = Debug|x64
		{5969578A-FDBD-4F9E-84BD-4BE499E09877}.Debug|x86.ActiveCfg = Debug|Win32
		{5969578A-FDBD-4F9E-84BD-4BE499E09877}.Debug|x86.Build.0 = Debug|Win32
		{5969578A-FDBD-4F9E-84BD-4BE499E09877}.Release|x64.ActiveCfg = Release|x64
		{5969578A-FDBD-4F9E-84BD-4BE499E09877}.Release|x64.Build.0 = Release|x64
		{5969578A-FDBD-4F9E-84BD-4BE499E09877}.Release|x86.ActiveCfg = Release|Win32
		{5969578A-FDBD-4F9E-84BD-4BE499E09877}.Release|x86.Build.0 = Release|Win32
		{57D617BD-D816-4C97-ACC2-0304D454F2FB}.Debug|x64.ActiveCfg = Debug|x64
		{57D617BD-D816-4C97-ACC2-0304D454F2FB}.Debug|x64.Build.0 = Debug|x64
		{57D617BD-D816-4C97-ACC2-0304D454F2FB}.Debug|x86.ActiveCfg = Debug|Win32
		{57D617BD-D816-4C97-ACC2-0304D454F2FB}.Debug|x86.Build.0 = Debug|Win32
		{57D617BD-D816-4C97-ACC2-0304D454F2FB}.Release|x64.ActiveCfg = Release|x64
		{57D617BD-D816-4C97-ACC2-0304D454F2FB}.Release|x64.Build.0 = Release|x64
		{57D617BD-D816-4C97-ACC2-0304D454F2FB}.Release|x86.ActiveCfg = Release|Win32
		{57D617BD-D816-4C97-ACC2-0304D454F2FB}.Release|x86.Build.0 = Release|Win32
		{8D912167-476C-47A6-AD8B-0D5234246699}.Debug|x64.ActiveCfg = Debug|x64
		{8D912167-476C-47A6-AD8B-0D5234246699}.Debug|x64.Build.0 = Debug|x64
		{8D912167-476C-47A6-AD8B-0D5234246699}.Debug|x86.ActiveCfg = Debug|Win32
		{8D912167-476C-47A6-AD8B-0D5234246699}.Debug|x86.Build.0 = Debug|Win32
		{8D912167-476C-47A6-AD8B-0D5234246699}.Release|x64.ActiveCfg = Release|x64
		{8D912167-476C-47A6-AD8B-0D5234246699}.Release|x64.Build.0 = Release|x64
		{8D912167-476C-47A6-AD8B-0D5234246699}.Release|x86.ActiveCfg = Release|Win32
		{8D912167-476C-47A6-AD8B-0D5234246699}.Release|x86.Build.0 = Release|Win32
		{9F456D81-2406-496D-B6A6-91C28EBCF19F}.Debug|x64.ActiveCfg = Debug|x64
		{9F456D81-2406-496D-B6A6-91C28EBCF19F}.Debug|x64.Build.0 = Debug|x64
		{9F456D81-2406-496D-B6A6-91C28EBCF19F}.Debug|x86.ActiveCfg = Debug|Win32
		{9F456D81-2406-496D-B6A6-91C28EBCF19F}.Debug|x86.Build.0 = Debug|Win32
		{9F456D81-2406-496D-B6A6-91C28EBCF19F}.Release|x64.ActiveCfg = Release|x64
		{9F456D81-2406-496D-B6A6-91C28EBCF19F}.Release|x64.Build.0 = Release|x64
		{9F456D81-2406-496D-B6A6-91C28EBCF19F}.Release|x86.ActiveCfg = Release|Win32
		{9F456D81-2406-496D-B6A6-91C28EBCF19F}.Release|x86.Build.0 = Release|Win32
		{1B79939B-1444-4D40-AF8E-EB083ADF6A9C}.Debug|x64.ActiveCfg = Debug|x64
		{1B79939B-1444-4D40-AF8E-EB083ADF6A9C}.Debug|x64.Build.0 = Debug|x64
		{1B79939B-1444-4D40-AF8E-EB083ADF6A9C}.Debug|x86.ActiveCfg = Debug|Win32
		{1B79939B-1444-4D40-AF8E-EB083ADF6A9C}.Debug|x86.Build.0 = Debug|Win32
		{1B79939B-1444-4D40-AF8E-EB083ADF6A9C}.Release|x64.ActiveCfg = Release|x64
		{1B79939B-1444-4D40-AF8E-EB083ADF6A9C}.Release|x64.Build.0 = Release|x64
		{1B79939B-1444-4D40-AF8E-EB083ADF6A9C}.Release|x86.ActiveCfg = Release|Win32
		{1B79939B-1444-4D40-AF8E-EB083ADF6A9C}.Release|x86.Build.0 = Release|Win32
		{00F3345F-7D72-4357-B91B-A348E0E3F7BD}.Debug|x64.ActiveCfg = Debug|x64
		{00F3345F-7D72-4357-B91B-A348E0E3F7BD}.Debug|x64.Build.0 = Debug|x64
		{00F3345F-7D72-4357-B91B-A348E0E3F7BD}.Debug|x86.ActiveCfg = Debug|Win32
		{00F3345F-7D72-4357-B91B-A348E0E3F7BD}.Debug|x86.Build.0 = Debug|Win32
		{00F3345F-7D72-4357-B91B-A348E0E3F7BD}.Release|x64.ActiveCfg = Release|x64
		{00F3345F-7D72-4357-B91B-A348E0E3F7BD}.Release|x64.Build.0 = Release|x64
		{00F3345F-7D72-4357-B91B-A348E0E3F7BD}.Release|x86.ActiveCfg = Release|Win32
		{00F3345F-7D72-4357-B91B-A348E0E3F7BD}.Release|x86.Build.0 = Release|Win32
		{CCEBAB3E-CB3C-42CE-83A4-4259C28B4182}.Debug|x64.ActiveCfg = Debug|x64
		{CCEBAB3E-CB3C-42CE-83A4-4259C28B4182}.Debug|x64.Build.0 = Debug|x64
		{CCEBAB3E-CB3C-42CE-83A4-4259C28B4182}.Debug|x86.ActiveCfg = Debug|Win32
		{CCEBAB3E-CB3C-42CE-83A4-4259C28B4182}.Debug|x86.Build.0 = Debug|Win32
		{CCEBAB3E-CB3C-42CE-83A4-4259C28B4182}.Release|x64.ActiveCfg = Release|x64
		{CCEBAB3E-CB3C-42CE-83A4-4259C28B4182}.Release|x64.Build.0 = Release|x64
		{CCEBAB3E-CB3C-42CE-83A4-4259C28B4182}.Release|x86.ActiveCfg = Release|Win32
		{CCEBAB3E-CB3C-42CE-83A4-4259C28B4182}.Release|x86.Build.0 = Release|Win32
	EndGlobalSection
	GlobalSection(SolutionProperties) = preSolution
		HideSolutionNode = FALSE
	EndGlobalSection
EndGlobal
